
Microsoft Visual Studio Solution File, Format Version 12.00
# Visual Studio Version 16
VisualStudioVersion = 16.0.31613.86
MinimumVisualStudioVersion = 10.0.40219.1
Project("{FAE04EC0-301F-11D3-BF4B-00C04F79EFBC}") = "Test_31_08", "Test_31_08\Test_31_08.csproj", "{7581209C-85A2-43FB-ADB0-3F999CF9BFA9}"
EndProject
Project("{FAE04EC0-301F-11D3-BF4B-00C04F79EFBC}") = "WpfApp1", "WpfApp1\WpfApp1.csproj", "{2E37C174-C25C-41E5-A0F1-20CE1A8E5C1A}"
EndProject
Global
	GlobalSection(SolutionConfigurationPlatforms) = preSolution
		Debug|Any CPU = Debug|Any CPU
		Release|Any CPU = Release|Any CPU
	EndGlobalSection
	GlobalSection(ProjectConfigurationPlatforms) = postSolution
		{7581209C-85A2-43FB-ADB0-3F999CF9BFA9}.Debug|Any CPU.ActiveCfg = Debug|Any CPU
		{7581209C-85A2-43FB-ADB0-3F999CF9BFA9}.Debug|Any CPU.Build.0 = Debug|Any CPU
		{7581209C-85A2-43FB-ADB0-3F999CF9BFA9}.Release|Any CPU.ActiveCfg = Release|Any CPU
		{7581209C-85A2-43FB-ADB0-3F999CF9BFA9}.Release|Any CPU.Build.0 = Release|Any CPU
		{2E37C174-C25C-41E5-A0F1-20CE1A8E5C1A}.Debug|Any CPU.ActiveCfg = Debug|Any CPU
		{2E37C174-C25C-41E5-A0F1-20CE1A8E5C1A}.Debug|Any CPU.Build.0 = Debug|Any CPU
		{2E37C174-C25C-41E5-A0F1-20CE1A8E5C1A}.Release|Any CPU.ActiveCfg = Release|Any CPU
		{2E37C174-C25C-41E5-A0F1-20CE1A8E5C1A}.Release|Any CPU.Build.0 = Release|Any CPU
	EndGlobalSection
	GlobalSection(SolutionProperties) = preSolution
		HideSolutionNode = FALSE
	EndGlobalSection
	GlobalSection(ExtensibilityGlobals) = postSolution
		SolutionGuid = {05F3CEE9-4E40-40BA-B035-8023DEEF457C}
	EndGlobalSection
EndGlobal
